{
    "version": 3,
    "terraform_version": "0.11.14",
    "serial": 18,
    "lineage": "f37a2144-9197-dbb1-13de-45239eb32181",
    "modules": [
        {
            "path": [
                "root"
            ],
            "outputs": {},
            "resources": {
                "aws_eip.ip-test-env": {
                    "type": "aws_eip",
                    "depends_on": [
                        "aws_instance.test-ec2-instance"
                    ],
                    "primary": {
                        "id": "eipalloc-03a7aef7dd8582293",
                        "attributes": {
                            "association_id": "eipassoc-0303189ca32e30e90",
                            "domain": "vpc",
                            "id": "eipalloc-03a7aef7dd8582293",
                            "instance": "i-059bf7162b61355b4",
                            "network_interface": "eni-0cc6fdcaa7cf242c0",
                            "private_dns": "ip-10-0-44-33.sa-east-1.compute.internal",
                            "private_ip": "10.0.44.33",
                            "public_dns": "ec2-18-229-234-98.sa-east-1.compute.amazonaws.com",
                            "public_ip": "18.229.234.98",
                            "public_ipv4_pool": "amazon",
                            "tags.%": "0",
                            "vpc": "true"
                        },
                        "meta": {
                            "e2bfb730-ecaa-11e6-8f88-34363bc7c4c0": {
                                "delete": 180000000000,
                                "read": 900000000000,
                                "update": 300000000000
                            }
                        },
                        "tainted": false
                    },
                    "deposed": [],
                    "provider": "provider.aws"
                },
                "aws_instance.test-ec2-instance": {
                    "type": "aws_instance",
                    "depends_on": [
                        "aws_security_group.ingress-all-test",
                        "aws_subnet.subnet-uno"
                    ],
                    "primary": {
                        "id": "i-059bf7162b61355b4",
                        "attributes": {
                            "ami": "ami-05b7dbc290217250d",
                            "arn": "arn:aws:ec2:sa-east-1:826663463278:instance/i-059bf7162b61355b4",
                            "associate_public_ip_address": "true",
                            "availability_zone": "sa-east-1a",
                            "cpu_core_count": "1",
                            "cpu_threads_per_core": "1",
                            "credit_specification.#": "1",
                            "credit_specification.0.cpu_credits": "standard",
                            "disable_api_termination": "false",
                            "ebs_block_device.#": "0",
                            "ebs_optimized": "false",
                            "ephemeral_block_device.#": "0",
                            "get_password_data": "false",
                            "hibernation": "false",
                            "iam_instance_profile": "",
                            "id": "i-059bf7162b61355b4",
                            "instance_state": "running",
                            "instance_type": "t2.micro",
                            "ipv6_address_count": "0",
                            "ipv6_addresses.#": "0",
                            "key_name": "desafio-aws2",
                            "monitoring": "false",
                            "network_interface.#": "0",
                            "password_data": "",
                            "placement_group": "",
                            "primary_network_interface_id": "eni-0cc6fdcaa7cf242c0",
                            "private_dns": "ip-10-0-44-33.sa-east-1.compute.internal",
                            "private_ip": "10.0.44.33",
                            "public_dns": "ec2-54-233-215-71.sa-east-1.compute.amazonaws.com",
                            "public_ip": "54.233.215.71",
                            "root_block_device.#": "1",
                            "root_block_device.0.delete_on_termination": "true",
                            "root_block_device.0.encrypted": "false",
                            "root_block_device.0.iops": "100",
                            "root_block_device.0.kms_key_id": "",
                            "root_block_device.0.volume_id": "vol-014f0336472002d28",
                            "root_block_device.0.volume_size": "8",
                            "root_block_device.0.volume_type": "gp2",
                            "security_groups.#": "0",
                            "source_dest_check": "true",
                            "subnet_id": "subnet-062c14a4a0aabfb26",
                            "tags.%": "1",
                            "tags.Name": "Desafio",
                            "tenancy": "default",
                            "user_data": "a42e74fcd210ff02397dc0c2d4eac96b1359122d",
                            "volume_tags.%": "0",
                            "vpc_security_group_ids.#": "1",
                            "vpc_security_group_ids.814850743": "sg-08d7ee4cf7d0ff540"
                        },
                        "meta": {
                            "e2bfb730-ecaa-11e6-8f88-34363bc7c4c0": {
                                "create": 600000000000,
                                "delete": 1200000000000,
                                "update": 600000000000
                            },
                            "schema_version": "1"
                        },
                        "tainted": false
                    },
                    "deposed": [],
                    "provider": "provider.aws"
                },
                "aws_internet_gateway.test-env-gw": {
                    "type": "aws_internet_gateway",
                    "depends_on": [
                        "aws_vpc.test-env"
                    ],
                    "primary": {
                        "id": "igw-0d1f00a954e7d22ba",
                        "attributes": {
                            "id": "igw-0d1f00a954e7d22ba",
                            "owner_id": "826663463278",
                            "tags.%": "1",
                            "tags.Name": "test-env-gw",
                            "vpc_id": "vpc-0f7b1a21610c86836"
                        },
                        "meta": {},
                        "tainted": false
                    },
                    "deposed": [],
                    "provider": "provider.aws"
                },
                "aws_route_table.route-table-test-env": {
                    "type": "aws_route_table",
                    "depends_on": [
                        "aws_internet_gateway.test-env-gw",
                        "aws_vpc.test-env"
                    ],
                    "primary": {
                        "id": "rtb-0239c340c192deb52",
                        "attributes": {
                            "id": "rtb-0239c340c192deb52",
                            "owner_id": "826663463278",
                            "propagating_vgws.#": "0",
                            "route.#": "1",
                            "route.4037269779.cidr_block": "0.0.0.0/0",
                            "route.4037269779.egress_only_gateway_id": "",
                            "route.4037269779.gateway_id": "igw-0d1f00a954e7d22ba",
                            "route.4037269779.instance_id": "",
                            "route.4037269779.ipv6_cidr_block": "",
                            "route.4037269779.nat_gateway_id": "",
                            "route.4037269779.network_interface_id": "",
                            "route.4037269779.transit_gateway_id": "",
                            "route.4037269779.vpc_peering_connection_id": "",
                            "tags.%": "1",
                            "tags.Name": "test-env-route-table",
                            "vpc_id": "vpc-0f7b1a21610c86836"
                        },
                        "meta": {},
                        "tainted": false
                    },
                    "deposed": [],
                    "provider": "provider.aws"
                },
                "aws_route_table_association.subnet-association": {
                    "type": "aws_route_table_association",
                    "depends_on": [
                        "aws_route_table.route-table-test-env",
                        "aws_subnet.subnet-uno"
                    ],
                    "primary": {
                        "id": "rtbassoc-08bfde6c8b272ad72",
                        "attributes": {
                            "id": "rtbassoc-08bfde6c8b272ad72",
                            "route_table_id": "rtb-0239c340c192deb52",
                            "subnet_id": "subnet-062c14a4a0aabfb26"
                        },
                        "meta": {},
                        "tainted": false
                    },
                    "deposed": [],
                    "provider": "provider.aws"
                },
                "aws_security_group.ingress-all-test": {
                    "type": "aws_security_group",
                    "depends_on": [
                        "aws_vpc.test-env"
                    ],
                    "primary": {
                        "id": "sg-08d7ee4cf7d0ff540",
                        "attributes": {
                            "arn": "arn:aws:ec2:sa-east-1:826663463278:security-group/sg-08d7ee4cf7d0ff540",
                            "description": "Managed by Terraform",
                            "egress.#": "1",
                            "egress.482069346.cidr_blocks.#": "1",
                            "egress.482069346.cidr_blocks.0": "0.0.0.0/0",
                            "egress.482069346.description": "",
                            "egress.482069346.from_port": "0",
                            "egress.482069346.ipv6_cidr_blocks.#": "0",
                            "egress.482069346.prefix_list_ids.#": "0",
                            "egress.482069346.protocol": "-1",
                            "egress.482069346.security_groups.#": "0",
                            "egress.482069346.self": "false",
                            "egress.482069346.to_port": "0",
                            "id": "sg-08d7ee4cf7d0ff540",
                            "ingress.#": "2",
                            "ingress.2491066110.cidr_blocks.#": "1",
                            "ingress.2491066110.cidr_blocks.0": "0.0.0.0/0",
                            "ingress.2491066110.description": "",
                            "ingress.2491066110.from_port": "5000",
                            "ingress.2491066110.ipv6_cidr_blocks.#": "0",
                            "ingress.2491066110.prefix_list_ids.#": "0",
                            "ingress.2491066110.protocol": "tcp",
                            "ingress.2491066110.security_groups.#": "0",
                            "ingress.2491066110.self": "false",
                            "ingress.2491066110.to_port": "5000",
                            "ingress.2541437006.cidr_blocks.#": "1",
                            "ingress.2541437006.cidr_blocks.0": "0.0.0.0/0",
                            "ingress.2541437006.description": "",
                            "ingress.2541437006.from_port": "22",
                            "ingress.2541437006.ipv6_cidr_blocks.#": "0",
                            "ingress.2541437006.prefix_list_ids.#": "0",
                            "ingress.2541437006.protocol": "tcp",
                            "ingress.2541437006.security_groups.#": "0",
                            "ingress.2541437006.self": "false",
                            "ingress.2541437006.to_port": "22",
                            "name": "allow-all-sg",
                            "owner_id": "826663463278",
                            "revoke_rules_on_delete": "false",
                            "tags.%": "0",
                            "vpc_id": "vpc-0f7b1a21610c86836"
                        },
                        "meta": {
                            "e2bfb730-ecaa-11e6-8f88-34363bc7c4c0": {
                                "create": 600000000000,
                                "delete": 600000000000
                            },
                            "schema_version": "1"
                        },
                        "tainted": false
                    },
                    "deposed": [],
                    "provider": "provider.aws"
                },
                "aws_subnet.subnet-uno": {
                    "type": "aws_subnet",
                    "depends_on": [
                        "aws_vpc.test-env"
                    ],
                    "primary": {
                        "id": "subnet-062c14a4a0aabfb26",
                        "attributes": {
                            "arn": "arn:aws:ec2:sa-east-1:826663463278:subnet/subnet-062c14a4a0aabfb26",
                            "assign_ipv6_address_on_creation": "false",
                            "availability_zone": "sa-east-1a",
                            "availability_zone_id": "sae1-az1",
                            "cidr_block": "10.0.32.0/19",
                            "id": "subnet-062c14a4a0aabfb26",
                            "ipv6_cidr_block": "",
                            "ipv6_cidr_block_association_id": "",
                            "map_public_ip_on_launch": "false",
                            "owner_id": "826663463278",
                            "tags.%": "0",
                            "vpc_id": "vpc-0f7b1a21610c86836"
                        },
                        "meta": {
                            "e2bfb730-ecaa-11e6-8f88-34363bc7c4c0": {
                                "create": 600000000000,
                                "delete": 1200000000000
                            },
                            "schema_version": "1"
                        },
                        "tainted": false
                    },
                    "deposed": [],
                    "provider": "provider.aws"
                },
                "aws_vpc.test-env": {
                    "type": "aws_vpc",
                    "depends_on": [],
                    "primary": {
                        "id": "vpc-0f7b1a21610c86836",
                        "attributes": {
                            "arn": "arn:aws:ec2:sa-east-1:826663463278:vpc/vpc-0f7b1a21610c86836",
                            "assign_generated_ipv6_cidr_block": "false",
                            "cidr_block": "10.0.0.0/16",
                            "default_network_acl_id": "acl-017753213cdec5e96",
                            "default_route_table_id": "rtb-0bff06d18939ece19",
                            "default_security_group_id": "sg-02626e447ff3e696d",
                            "dhcp_options_id": "dopt-5076ff37",
                            "enable_classiclink": "false",
                            "enable_classiclink_dns_support": "false",
                            "enable_dns_hostnames": "true",
                            "enable_dns_support": "true",
                            "id": "vpc-0f7b1a21610c86836",
                            "instance_tenancy": "default",
                            "ipv6_association_id": "",
                            "ipv6_cidr_block": "",
                            "main_route_table_id": "rtb-0bff06d18939ece19",
                            "owner_id": "826663463278",
                            "tags.%": "1",
                            "tags.Name": "test-env"
                        },
                        "meta": {
                            "schema_version": "1"
                        },
                        "tainted": false
                    },
                    "deposed": [],
                    "provider": "provider.aws"
                }
            },
            "depends_on": []
        }
    ]
}
